{
  "version": 4,
  "terraform_version": "1.5.0",
  "serial": 212,
  "lineage": "8f611c0d-6ecb-0209-345b-8583d3ee74c6",
  "outputs": {},
  "resources": [
    {
      "module": "module.create_vpc_endpoint_reader",
      "mode": "data",
      "type": "aws_region",
      "name": "current",
      "provider": "provider[\"registry.terraform.io/hashicorp/aws\"].reader",
      "instances": [
        {
          "schema_version": 0,
          "attributes": {
            "description": "US East (N. Virginia)",
            "endpoint": "ec2.us-east-1.amazonaws.com",
            "id": "us-east-1",
            "name": "us-east-1"
          },
          "sensitive_attributes": []
        }
      ]
    },
    {
      "module": "module.create_vpc_endpoint_reader",
      "mode": "managed",
      "type": "aws_vpc_endpoint",
      "name": "interface_sns_or_sqs",
      "provider": "provider[\"registry.terraform.io/hashicorp/aws\"].reader",
      "instances": [
        {
          "index_key": 0,
          "schema_version": 0,
          "attributes": {
            "arn": "arn:aws:ec2:us-east-1:851889773113:vpc-endpoint/vpce-035f8eb41413a9519",
            "auto_accept": null,
            "cidr_blocks": [],
            "dns_entry": [
              {
                "dns_name": "vpce-035f8eb41413a9519-qy3mas9f.sqs.us-east-1.vpce.amazonaws.com",
                "hosted_zone_id": "Z7HUB22UULQXV"
              },
              {
                "dns_name": "vpce-035f8eb41413a9519-qy3mas9f-us-east-1a.sqs.us-east-1.vpce.amazonaws.com",
                "hosted_zone_id": "Z7HUB22UULQXV"
              }
            ],
            "dns_options": [
              {
                "dns_record_ip_type": "ipv4"
              }
            ],
            "id": "vpce-035f8eb41413a9519",
            "ip_address_type": "ipv4",
            "network_interface_ids": [
              "eni-025b1244e18bc8be4"
            ],
            "owner_id": "851889773113",
            "policy": "{\"Statement\":[{\"Action\":\"*\",\"Effect\":\"Allow\",\"Principal\":\"*\",\"Resource\":\"*\"}]}",
            "prefix_list_id": null,
            "private_dns_enabled": false,
            "requester_managed": false,
            "route_table_ids": [],
            "security_group_ids": [
              "sg-0747aa4724f69efdd"
            ],
            "service_name": "com.amazonaws.us-east-1.sqs",
            "state": "available",
            "subnet_ids": [
              "subnet-0ec25eaeb81642e55"
            ],
            "tags": {
              "Name": "sqs"
            },
            "tags_all": {
              "Name": "sqs"
            },
            "timeouts": null,
            "vpc_endpoint_type": "Interface",
            "vpc_id": "vpc-0a5ac82ccd60ed313"
          },
          "sensitive_attributes": [],
          "private": "eyJlMmJmYjczMC1lY2FhLTExZTYtOGY4OC0zNDM2M2JjN2M0YzAiOnsiY3JlYXRlIjo2MDAwMDAwMDAwMDAsImRlbGV0ZSI6NjAwMDAwMDAwMDAwLCJ1cGRhdGUiOjYwMDAwMDAwMDAwMH19",
          "dependencies": [
            "module.create_vpc_endpoint_reader.data.aws_region.current"
          ]
        }
      ]
    },
    {
      "module": "module.create_vpc_endpoint_writer[\"dynamo\"]",
      "mode": "data",
      "type": "aws_region",
      "name": "current",
      "provider": "provider[\"registry.terraform.io/hashicorp/aws\"].writer",
      "instances": [
        {
          "schema_version": 0,
          "attributes": {
            "description": "Europe (Frankfurt)",
            "endpoint": "ec2.eu-central-1.amazonaws.com",
            "id": "eu-central-1",
            "name": "eu-central-1"
          },
          "sensitive_attributes": []
        }
      ]
    },
    {
      "module": "module.create_vpc_endpoint_writer[\"dynamo\"]",
      "mode": "managed",
      "type": "aws_vpc_endpoint",
      "name": "gateway_dynamodb",
      "provider": "provider[\"registry.terraform.io/hashicorp/aws\"].writer",
      "instances": [
        {
          "index_key": 0,
          "schema_version": 0,
          "attributes": {
            "arn": "arn:aws:ec2:eu-central-1:851889773113:vpc-endpoint/vpce-0525dcea9a53e58a0",
            "auto_accept": null,
            "cidr_blocks": [
              "35.71.105.128/26",
              "52.94.17.0/24",
              "35.71.105.0/25"
            ],
            "dns_entry": [],
            "dns_options": [],
            "id": "vpce-0525dcea9a53e58a0",
            "ip_address_type": "",
            "network_interface_ids": [],
            "owner_id": "851889773113",
            "policy": "{\"Statement\":[{\"Action\":\"*\",\"Effect\":\"Allow\",\"Principal\":\"*\",\"Resource\":\"*\"}],\"Version\":\"2008-10-17\"}",
            "prefix_list_id": "pl-66a5400f",
            "private_dns_enabled": false,
            "requester_managed": false,
            "route_table_ids": [
              "rtb-04839768d7f68d9d4"
            ],
            "security_group_ids": [],
            "service_name": "com.amazonaws.eu-central-1.dynamodb",
            "state": "available",
            "subnet_ids": [],
            "tags": {
              "Name": "dynamo"
            },
            "tags_all": {
              "Name": "dynamo"
            },
            "timeouts": null,
            "vpc_endpoint_type": "Gateway",
            "vpc_id": "vpc-046ebde198e614a9f"
          },
          "sensitive_attributes": [],
          "private": "eyJlMmJmYjczMC1lY2FhLTExZTYtOGY4OC0zNDM2M2JjN2M0YzAiOnsiY3JlYXRlIjo2MDAwMDAwMDAwMDAsImRlbGV0ZSI6NjAwMDAwMDAwMDAwLCJ1cGRhdGUiOjYwMDAwMDAwMDAwMH19",
          "dependencies": [
            "module.create_vpc_endpoint_writer.data.aws_region.current"
          ]
        }
      ]
    },
    {
      "module": "module.create_vpc_endpoint_writer[\"sns\"]",
      "mode": "data",
      "type": "aws_region",
      "name": "current",
      "provider": "provider[\"registry.terraform.io/hashicorp/aws\"].writer",
      "instances": [
        {
          "schema_version": 0,
          "attributes": {
            "description": "Europe (Frankfurt)",
            "endpoint": "ec2.eu-central-1.amazonaws.com",
            "id": "eu-central-1",
            "name": "eu-central-1"
          },
          "sensitive_attributes": []
        }
      ]
    },
    {
      "module": "module.create_vpc_endpoint_writer[\"sns\"]",
      "mode": "managed",
      "type": "aws_vpc_endpoint",
      "name": "interface_sns_or_sqs",
      "provider": "provider[\"registry.terraform.io/hashicorp/aws\"].writer",
      "instances": [
        {
          "index_key": 0,
          "schema_version": 0,
          "attributes": {
            "arn": "arn:aws:ec2:eu-central-1:851889773113:vpc-endpoint/vpce-0eb345f0fb7de633a",
            "auto_accept": null,
            "cidr_blocks": [],
            "dns_entry": [
              {
                "dns_name": "vpce-0eb345f0fb7de633a-bm0cz1uq.sns.eu-central-1.vpce.amazonaws.com",
                "hosted_zone_id": "Z273ZU8SZ5RJPC"
              },
              {
                "dns_name": "vpce-0eb345f0fb7de633a-bm0cz1uq-eu-central-1a.sns.eu-central-1.vpce.amazonaws.com",
                "hosted_zone_id": "Z273ZU8SZ5RJPC"
              }
            ],
            "dns_options": [
              {
                "dns_record_ip_type": "ipv4"
              }
            ],
            "id": "vpce-0eb345f0fb7de633a",
            "ip_address_type": "ipv4",
            "network_interface_ids": [
              "eni-07c5f39aefb0d0feb"
            ],
            "owner_id": "851889773113",
            "policy": "{\"Statement\":[{\"Action\":\"*\",\"Effect\":\"Allow\",\"Principal\":\"*\",\"Resource\":\"*\"}]}",
            "prefix_list_id": null,
            "private_dns_enabled": false,
            "requester_managed": false,
            "route_table_ids": [],
            "security_group_ids": [
              "sg-06e89d1eec9546ab5"
            ],
            "service_name": "com.amazonaws.eu-central-1.sns",
            "state": "available",
            "subnet_ids": [
              "subnet-0a722afed0c224760"
            ],
            "tags": {
              "Name": "sns"
            },
            "tags_all": {
              "Name": "sns"
            },
            "timeouts": null,
            "vpc_endpoint_type": "Interface",
            "vpc_id": "vpc-046ebde198e614a9f"
          },
          "sensitive_attributes": [],
          "private": "eyJlMmJmYjczMC1lY2FhLTExZTYtOGY4OC0zNDM2M2JjN2M0YzAiOnsiY3JlYXRlIjo2MDAwMDAwMDAwMDAsImRlbGV0ZSI6NjAwMDAwMDAwMDAwLCJ1cGRhdGUiOjYwMDAwMDAwMDAwMH19",
          "dependencies": [
            "module.create_vpc_endpoint_writer.data.aws_region.current"
          ]
        }
      ]
    },
    {
      "module": "module.deploy_mysql",
      "mode": "data",
      "type": "aws_region",
      "name": "current",
      "provider": "provider[\"registry.terraform.io/hashicorp/aws\"]",
      "instances": [
        {
          "schema_version": 0,
          "attributes": {
            "description": "US East (Ohio)",
            "endpoint": "ec2.us-east-2.amazonaws.com",
            "id": "us-east-2",
            "name": "us-east-2"
          },
          "sensitive_attributes": []
        }
      ]
    },
    {
      "module": "module.deploy_redis",
      "mode": "data",
      "type": "aws_region",
      "name": "current",
      "provider": "provider[\"registry.terraform.io/hashicorp/aws\"]",
      "instances": [
        {
          "schema_version": 0,
          "attributes": {
            "description": "US East (Ohio)",
            "endpoint": "ec2.us-east-2.amazonaws.com",
            "id": "us-east-2",
            "name": "us-east-2"
          },
          "sensitive_attributes": []
        }
      ]
    }
  ],
  "check_results": null
}
