{
  "version": 4,
  "terraform_version": "1.5.2",
  "serial": 79,
  "lineage": "e58bfcb7-4ee6-c76d-a774-a8d623622693",
  "outputs": {},
  "resources": [
    {
      "module": "module.deploy_mysql",
      "mode": "data",
      "type": "aws_region",
      "name": "current",
      "provider": "provider[\"registry.terraform.io/hashicorp/aws\"]",
      "instances": [
        {
          "schema_version": 0,
          "attributes": {
            "description": "US East (N. Virginia)",
            "endpoint": "ec2.us-east-1.amazonaws.com",
            "id": "us-east-1",
            "name": "us-east-1"
          },
          "sensitive_attributes": []
        }
      ]
    },
    {
      "module": "module.deploy_mysql",
      "mode": "managed",
      "type": "aws_db_parameter_group",
      "name": "aurora_parameter_group",
      "provider": "provider[\"registry.terraform.io/hashicorp/aws\"]",
      "instances": [
        {
          "schema_version": 0,
          "attributes": {
            "arn": "arn:aws:rds:us-east-1:851889773113:pg:antipode-lambda",
            "description": "Managed by Terraform",
            "family": "aurora-mysql5.7",
            "id": "antipode-lambda",
            "name": "antipode-lambda",
            "name_prefix": null,
            "parameter": [
              {
                "apply_method": "immediate",
                "name": "max_connections",
                "value": "2000"
              }
            ],
            "tags": {},
            "tags_all": {}
          },
          "sensitive_attributes": [],
          "private": "bnVsbA=="
        }
      ]
    },
    {
      "module": "module.deploy_mysql",
      "mode": "managed",
      "type": "aws_rds_cluster",
      "name": "writer",
      "provider": "module.deploy_mysql.provider[\"registry.terraform.io/hashicorp/aws\"].writer",
      "instances": [
        {
          "schema_version": 0,
          "attributes": {
            "allocated_storage": 1,
            "allow_major_version_upgrade": null,
            "apply_immediately": null,
            "arn": "arn:aws:rds:eu-central-1:851889773113:cluster:writer-cluster",
            "availability_zones": [
              "eu-central-1a",
              "eu-central-1b",
              "eu-central-1c"
            ],
            "backtrack_window": 0,
            "backup_retention_period": 1,
            "cluster_identifier": "writer-cluster",
            "cluster_identifier_prefix": null,
            "cluster_members": [],
            "cluster_resource_id": "cluster-2ZWPCYZ7664PLCFKJXMJGIIQJ4",
            "copy_tags_to_snapshot": false,
            "database_name": "antipode",
            "db_cluster_instance_class": "",
            "db_cluster_parameter_group_name": "default.aurora-mysql5.7",
            "db_instance_parameter_group_name": null,
            "db_subnet_group_name": "default",
            "deletion_protection": false,
            "enable_global_write_forwarding": false,
            "enable_http_endpoint": false,
            "enabled_cloudwatch_logs_exports": null,
            "endpoint": "writer-cluster.cluster-cowdztysvhul.eu-central-1.rds.amazonaws.com",
            "engine": "aurora-mysql",
            "engine_mode": "provisioned",
            "engine_version": "5.7.mysql_aurora.2.07.1",
            "engine_version_actual": "5.7.mysql_aurora.2.07.1",
            "final_snapshot_identifier": null,
            "global_cluster_identifier": "antipode-lambda",
            "hosted_zone_id": "Z1RLNUO7B9Q6NB",
            "iam_database_authentication_enabled": false,
            "iam_roles": [],
            "id": "writer-cluster",
            "iops": 0,
            "kms_key_id": "",
            "manage_master_user_password": null,
            "master_password": "antipode",
            "master_user_secret": [],
            "master_user_secret_kms_key_id": null,
            "master_username": "antipode",
            "network_type": "IPV4",
            "port": 3306,
            "preferred_backup_window": "20:42-21:12",
            "preferred_maintenance_window": "sun:22:59-sun:23:29",
            "reader_endpoint": "writer-cluster.cluster-ro-cowdztysvhul.eu-central-1.rds.amazonaws.com",
            "replication_source_identifier": "",
            "restore_to_point_in_time": [],
            "s3_import": [],
            "scaling_configuration": [],
            "serverlessv2_scaling_configuration": [],
            "skip_final_snapshot": false,
            "snapshot_identifier": null,
            "source_region": null,
            "storage_encrypted": false,
            "storage_type": "",
            "tags": null,
            "tags_all": {},
            "timeouts": null,
            "vpc_security_group_ids": [
              "sg-005ce4b4ca79602f4"
            ]
          },
          "sensitive_attributes": [],
          "private": "eyJlMmJmYjczMC1lY2FhLTExZTYtOGY4OC0zNDM2M2JjN2M0YzAiOnsiY3JlYXRlIjo3MjAwMDAwMDAwMDAwLCJkZWxldGUiOjcyMDAwMDAwMDAwMDAsInVwZGF0ZSI6NzIwMDAwMDAwMDAwMH19",
          "dependencies": [
            "module.deploy_mysql.aws_rds_global_cluster.mysql_cluster"
          ]
        }
      ]
    },
    {
      "module": "module.deploy_mysql",
      "mode": "managed",
      "type": "aws_rds_cluster_instance",
      "name": "secondary",
      "provider": "module.deploy_mysql.provider[\"registry.terraform.io/hashicorp/aws\"].reader",
      "instances": []
    },
    {
      "module": "module.deploy_mysql",
      "mode": "managed",
      "type": "aws_rds_cluster_instance",
      "name": "writer",
      "provider": "module.deploy_mysql.provider[\"registry.terraform.io/hashicorp/aws\"].writer",
      "instances": [
        {
          "schema_version": 0,
          "attributes": {
            "apply_immediately": null,
            "arn": "arn:aws:rds:eu-central-1:851889773113:db:writer-cluster-instance",
            "auto_minor_version_upgrade": true,
            "availability_zone": "eu-central-1b",
            "ca_cert_identifier": "rds-ca-2019",
            "cluster_identifier": "writer-cluster",
            "copy_tags_to_snapshot": false,
            "db_parameter_group_name": "antipode-lambda",
            "db_subnet_group_name": "default",
            "dbi_resource_id": "db-K7WZ2AJ3YFZPEOQKOLYTYWXF5E",
            "endpoint": "writer-cluster-instance.cowdztysvhul.eu-central-1.rds.amazonaws.com",
            "engine": "aurora-mysql",
            "engine_version": "5.7.mysql_aurora.2.07.1",
            "engine_version_actual": "5.7.mysql_aurora.2.07.1",
            "id": "writer-cluster-instance",
            "identifier": "writer-cluster-instance",
            "identifier_prefix": null,
            "instance_class": "db.r5.large",
            "kms_key_id": "",
            "monitoring_interval": 0,
            "monitoring_role_arn": "",
            "network_type": "IPV4",
            "performance_insights_enabled": false,
            "performance_insights_kms_key_id": "",
            "performance_insights_retention_period": 0,
            "port": 3306,
            "preferred_backup_window": "20:42-21:12",
            "preferred_maintenance_window": "wed:01:40-wed:02:10",
            "promotion_tier": 0,
            "publicly_accessible": false,
            "storage_encrypted": false,
            "tags": null,
            "tags_all": {},
            "timeouts": null,
            "writer": true
          },
          "sensitive_attributes": [],
          "private": "eyJlMmJmYjczMC1lY2FhLTExZTYtOGY4OC0zNDM2M2JjN2M0YzAiOnsiY3JlYXRlIjo1NDAwMDAwMDAwMDAwLCJkZWxldGUiOjU0MDAwMDAwMDAwMDAsInVwZGF0ZSI6NTQwMDAwMDAwMDAwMH19",
          "dependencies": [
            "module.deploy_mysql.aws_db_parameter_group.aurora_parameter_group",
            "module.deploy_mysql.aws_rds_cluster.writer",
            "module.deploy_mysql.aws_rds_global_cluster.mysql_cluster"
          ]
        }
      ]
    },
    {
      "module": "module.deploy_mysql",
      "mode": "managed",
      "type": "aws_rds_global_cluster",
      "name": "mysql_cluster",
      "provider": "module.deploy_mysql.provider[\"registry.terraform.io/hashicorp/aws\"].writer",
      "instances": [
        {
          "schema_version": 0,
          "attributes": {
            "arn": "arn:aws:rds::851889773113:global-cluster:antipode-lambda",
            "database_name": "antipode",
            "deletion_protection": false,
            "engine": "aurora-mysql",
            "engine_version": "5.7.mysql_aurora.2.07.1",
            "engine_version_actual": "5.7.mysql_aurora.2.07.1",
            "force_destroy": null,
            "global_cluster_identifier": "antipode-lambda",
            "global_cluster_members": [],
            "global_cluster_resource_id": "cluster-b4a03a594d63303f",
            "id": "antipode-lambda",
            "source_db_cluster_identifier": null,
            "storage_encrypted": false,
            "timeouts": null
          },
          "sensitive_attributes": [],
          "private": "eyJlMmJmYjczMC1lY2FhLTExZTYtOGY4OC0zNDM2M2JjN2M0YzAiOnsiY3JlYXRlIjoxODAwMDAwMDAwMDAwLCJkZWxldGUiOjE4MDAwMDAwMDAwMDAsInVwZGF0ZSI6NTQwMDAwMDAwMDAwMH19"
        }
      ]
    }
  ],
  "check_results": null
}
