{
  "version": 4,
  "terraform_version": "1.5.2",
  "serial": 278,
  "lineage": "8f611c0d-6ecb-0209-345b-8583d3ee74c6",
  "outputs": {},
  "resources": [
    {
      "module": "module.deploy_mysql",
      "mode": "managed",
      "type": "aws_db_parameter_group",
      "name": "mysql_parameter_group_primary_region",
      "provider": "module.deploy_mysql.provider[\"registry.terraform.io/hashicorp/aws\"].writer",
      "instances": [
        {
          "schema_version": 0,
          "attributes": {
            "arn": "arn:aws:rds:eu-central-1:851889773113:pg:antipode-lambda-2",
            "description": "Managed by Terraform",
            "family": "aurora-mysql5.7",
            "id": "antipode-lambda-2",
            "name": "antipode-lambda-2",
            "name_prefix": null,
            "parameter": [
              {
                "apply_method": "immediate",
                "name": "max_connections",
                "value": "2000"
              }
            ],
            "tags": null,
            "tags_all": {}
          },
          "sensitive_attributes": [],
          "private": "bnVsbA=="
        }
      ]
    },
    {
      "module": "module.deploy_mysql",
      "mode": "managed",
      "type": "aws_db_parameter_group",
      "name": "mysql_parameter_group_secondary_region",
      "provider": "module.deploy_mysql.provider[\"registry.terraform.io/hashicorp/aws\"].reader",
      "instances": [
        {
          "schema_version": 0,
          "attributes": {
            "arn": "arn:aws:rds:us-east-1:851889773113:pg:antipode-lambda-2",
            "description": "Managed by Terraform",
            "family": "aurora-mysql5.7",
            "id": "antipode-lambda-2",
            "name": "antipode-lambda-2",
            "name_prefix": null,
            "parameter": [
              {
                "apply_method": "immediate",
                "name": "max_connections",
                "value": "2000"
              }
            ],
            "tags": null,
            "tags_all": {}
          },
          "sensitive_attributes": [],
          "private": "bnVsbA=="
        }
      ]
    },
    {
      "module": "module.deploy_mysql",
      "mode": "managed",
      "type": "aws_rds_cluster",
      "name": "primary_cluster",
      "provider": "module.deploy_mysql.provider[\"registry.terraform.io/hashicorp/aws\"].writer",
      "instances": [
        {
          "schema_version": 0,
          "attributes": {
            "allocated_storage": 1,
            "allow_major_version_upgrade": null,
            "apply_immediately": null,
            "arn": "arn:aws:rds:eu-central-1:851889773113:cluster:antipode-lambda-eu",
            "availability_zones": [
              "eu-central-1a"
            ],
            "backtrack_window": 0,
            "backup_retention_period": 1,
            "cluster_identifier": "antipode-lambda-eu",
            "cluster_identifier_prefix": null,
            "cluster_members": [],
            "cluster_resource_id": "cluster-IGGAWN5RPRBT5Z53LTEVZOA62U",
            "copy_tags_to_snapshot": false,
            "database_name": "antipode",
            "db_cluster_instance_class": "",
            "db_cluster_parameter_group_name": "default.aurora-mysql5.7",
            "db_instance_parameter_group_name": null,
            "db_subnet_group_name": "default",
            "deletion_protection": false,
            "enable_global_write_forwarding": false,
            "enable_http_endpoint": false,
            "enabled_cloudwatch_logs_exports": null,
            "endpoint": "antipode-lambda-eu.cluster-cowdztysvhul.eu-central-1.rds.amazonaws.com",
            "engine": "aurora-mysql",
            "engine_mode": "provisioned",
            "engine_version": "5.7.mysql_aurora.2.07.1",
            "engine_version_actual": "5.7.mysql_aurora.2.07.1",
            "final_snapshot_identifier": null,
            "global_cluster_identifier": "antipode-lambda",
            "hosted_zone_id": "Z1RLNUO7B9Q6NB",
            "iam_database_authentication_enabled": false,
            "iam_roles": [],
            "id": "antipode-lambda-eu",
            "iops": 0,
            "kms_key_id": "",
            "manage_master_user_password": null,
            "master_password": "antipode",
            "master_user_secret": [],
            "master_user_secret_kms_key_id": null,
            "master_username": "antipode",
            "network_type": "IPV4",
            "port": 3306,
            "preferred_backup_window": "01:17-01:47",
            "preferred_maintenance_window": "sat:04:06-sat:04:36",
            "reader_endpoint": "antipode-lambda-eu.cluster-ro-cowdztysvhul.eu-central-1.rds.amazonaws.com",
            "replication_source_identifier": "",
            "restore_to_point_in_time": [],
            "s3_import": [],
            "scaling_configuration": [],
            "serverlessv2_scaling_configuration": [],
            "skip_final_snapshot": true,
            "snapshot_identifier": null,
            "source_region": null,
            "storage_encrypted": false,
            "storage_type": "",
            "tags": null,
            "tags_all": {},
            "timeouts": null,
            "vpc_security_group_ids": [
              "sg-005ce4b4ca79602f4"
            ]
          },
          "sensitive_attributes": [],
          "private": "eyJlMmJmYjczMC1lY2FhLTExZTYtOGY4OC0zNDM2M2JjN2M0YzAiOnsiY3JlYXRlIjo3MjAwMDAwMDAwMDAwLCJkZWxldGUiOjcyMDAwMDAwMDAwMDAsInVwZGF0ZSI6NzIwMDAwMDAwMDAwMH19",
          "dependencies": [
            "module.deploy_mysql.aws_rds_global_cluster.global_database"
          ]
        }
      ]
    },
    {
      "module": "module.deploy_mysql",
      "mode": "managed",
      "type": "aws_rds_cluster",
      "name": "secondary_cluster",
      "provider": "module.deploy_mysql.provider[\"registry.terraform.io/hashicorp/aws\"].reader",
      "instances": [
        {
          "schema_version": 0,
          "attributes": {
            "allocated_storage": 1,
            "allow_major_version_upgrade": null,
            "apply_immediately": null,
            "arn": "arn:aws:rds:us-east-1:851889773113:cluster:antipode-lambda-us",
            "availability_zones": [
              "us-east-1a"
            ],
            "backtrack_window": 0,
            "backup_retention_period": 1,
            "cluster_identifier": "antipode-lambda-us",
            "cluster_identifier_prefix": null,
            "cluster_members": [],
            "cluster_resource_id": "cluster-6VOLVIV52ZYLJKQZGRS4ULVQDE",
            "copy_tags_to_snapshot": false,
            "database_name": "antipode",
            "db_cluster_instance_class": "",
            "db_cluster_parameter_group_name": "default.aurora-mysql5.7",
            "db_instance_parameter_group_name": null,
            "db_subnet_group_name": "default",
            "deletion_protection": false,
            "enable_global_write_forwarding": false,
            "enable_http_endpoint": false,
            "enabled_cloudwatch_logs_exports": null,
            "endpoint": "antipode-lambda-us.cluster-cfiggpj8crt2.us-east-1.rds.amazonaws.com",
            "engine": "aurora-mysql",
            "engine_mode": "provisioned",
            "engine_version": "5.7.mysql_aurora.2.07.1",
            "engine_version_actual": "5.7.mysql_aurora.2.07.1",
            "final_snapshot_identifier": null,
            "global_cluster_identifier": "antipode-lambda",
            "hosted_zone_id": "Z2R2ITUGPM61AM",
            "iam_database_authentication_enabled": false,
            "iam_roles": [],
            "id": "antipode-lambda-us",
            "iops": 0,
            "kms_key_id": "",
            "manage_master_user_password": null,
            "master_password": null,
            "master_user_secret": [],
            "master_user_secret_kms_key_id": null,
            "master_username": "antipode",
            "network_type": "IPV4",
            "port": 3306,
            "preferred_backup_window": "04:02-04:32",
            "preferred_maintenance_window": "sat:05:19-sat:05:49",
            "reader_endpoint": "antipode-lambda-us.cluster-ro-cfiggpj8crt2.us-east-1.rds.amazonaws.com",
            "replication_source_identifier": "arn:aws:rds:eu-central-1:851889773113:cluster:antipode-lambda-eu",
            "restore_to_point_in_time": [],
            "s3_import": [],
            "scaling_configuration": [],
            "serverlessv2_scaling_configuration": [],
            "skip_final_snapshot": true,
            "snapshot_identifier": null,
            "source_region": null,
            "storage_encrypted": false,
            "storage_type": "",
            "tags": null,
            "tags_all": {},
            "timeouts": null,
            "vpc_security_group_ids": [
              "sg-04a300ce1f314cdd9"
            ]
          },
          "sensitive_attributes": [],
          "private": "eyJlMmJmYjczMC1lY2FhLTExZTYtOGY4OC0zNDM2M2JjN2M0YzAiOnsiY3JlYXRlIjo3MjAwMDAwMDAwMDAwLCJkZWxldGUiOjcyMDAwMDAwMDAwMDAsInVwZGF0ZSI6NzIwMDAwMDAwMDAwMH19",
          "dependencies": [
            "module.deploy_mysql.aws_db_parameter_group.mysql_parameter_group_primary_region",
            "module.deploy_mysql.aws_rds_cluster.primary_cluster",
            "module.deploy_mysql.aws_rds_cluster_instance.writer_instance",
            "module.deploy_mysql.aws_rds_global_cluster.global_database"
          ]
        }
      ]
    },
    {
      "module": "module.deploy_mysql",
      "mode": "managed",
      "type": "aws_rds_cluster_instance",
      "name": "reader_instance",
      "provider": "module.deploy_mysql.provider[\"registry.terraform.io/hashicorp/aws\"].reader",
      "instances": [
        {
          "schema_version": 0,
          "attributes": {
            "apply_immediately": null,
            "arn": "arn:aws:rds:us-east-1:851889773113:db:antipode-lambda-us-instance",
            "auto_minor_version_upgrade": false,
            "availability_zone": "us-east-1c",
            "ca_cert_identifier": "rds-ca-2019",
            "cluster_identifier": "antipode-lambda-us",
            "copy_tags_to_snapshot": false,
            "db_parameter_group_name": "antipode-lambda-2",
            "db_subnet_group_name": "default",
            "dbi_resource_id": "db-CHPDVAPNTCPD5M4OK7PDCJJGWM",
            "endpoint": "antipode-lambda-us-instance.cfiggpj8crt2.us-east-1.rds.amazonaws.com",
            "engine": "aurora-mysql",
            "engine_version": "5.7.mysql_aurora.2.07.1",
            "engine_version_actual": "5.7.mysql_aurora.2.07.1",
            "id": "antipode-lambda-us-instance",
            "identifier": "antipode-lambda-us-instance",
            "identifier_prefix": null,
            "instance_class": "db.r3.large",
            "kms_key_id": "",
            "monitoring_interval": 0,
            "monitoring_role_arn": "",
            "network_type": "IPV4",
            "performance_insights_enabled": false,
            "performance_insights_kms_key_id": "",
            "performance_insights_retention_period": 0,
            "port": 3306,
            "preferred_backup_window": "04:02-04:32",
            "preferred_maintenance_window": "sun:03:03-sun:03:33",
            "promotion_tier": 0,
            "publicly_accessible": true,
            "storage_encrypted": false,
            "tags": null,
            "tags_all": {},
            "timeouts": null,
            "writer": false
          },
          "sensitive_attributes": [],
          "private": "eyJlMmJmYjczMC1lY2FhLTExZTYtOGY4OC0zNDM2M2JjN2M0YzAiOnsiY3JlYXRlIjo1NDAwMDAwMDAwMDAwLCJkZWxldGUiOjU0MDAwMDAwMDAwMDAsInVwZGF0ZSI6NTQwMDAwMDAwMDAwMH19",
          "dependencies": [
            "module.deploy_mysql.aws_db_parameter_group.mysql_parameter_group_primary_region",
            "module.deploy_mysql.aws_db_parameter_group.mysql_parameter_group_secondary_region",
            "module.deploy_mysql.aws_rds_cluster.primary_cluster",
            "module.deploy_mysql.aws_rds_cluster.secondary_cluster",
            "module.deploy_mysql.aws_rds_cluster_instance.writer_instance",
            "module.deploy_mysql.aws_rds_global_cluster.global_database"
          ]
        }
      ]
    },
    {
      "module": "module.deploy_mysql",
      "mode": "managed",
      "type": "aws_rds_cluster_instance",
      "name": "writer_instance",
      "provider": "module.deploy_mysql.provider[\"registry.terraform.io/hashicorp/aws\"].writer",
      "instances": [
        {
          "schema_version": 0,
          "attributes": {
            "apply_immediately": null,
            "arn": "arn:aws:rds:eu-central-1:851889773113:db:antipode-lambda-eu-instance",
            "auto_minor_version_upgrade": false,
            "availability_zone": "eu-central-1b",
            "ca_cert_identifier": "rds-ca-2019",
            "cluster_identifier": "antipode-lambda-eu",
            "copy_tags_to_snapshot": false,
            "db_parameter_group_name": "antipode-lambda-2",
            "db_subnet_group_name": "default",
            "dbi_resource_id": "db-I5Y7HVWOH2LIH245VQQATQIT4M",
            "endpoint": "antipode-lambda-eu-instance.cowdztysvhul.eu-central-1.rds.amazonaws.com",
            "engine": "aurora-mysql",
            "engine_version": "5.7.mysql_aurora.2.07.1",
            "engine_version_actual": "5.7.mysql_aurora.2.07.1",
            "id": "antipode-lambda-eu-instance",
            "identifier": "antipode-lambda-eu-instance",
            "identifier_prefix": null,
            "instance_class": "db.r3.large",
            "kms_key_id": "",
            "monitoring_interval": 0,
            "monitoring_role_arn": "",
            "network_type": "IPV4",
            "performance_insights_enabled": false,
            "performance_insights_kms_key_id": "",
            "performance_insights_retention_period": 0,
            "port": 3306,
            "preferred_backup_window": "01:17-01:47",
            "preferred_maintenance_window": "fri:23:33-sat:00:03",
            "promotion_tier": 0,
            "publicly_accessible": true,
            "storage_encrypted": false,
            "tags": null,
            "tags_all": {},
            "timeouts": null,
            "writer": true
          },
          "sensitive_attributes": [],
          "private": "eyJlMmJmYjczMC1lY2FhLTExZTYtOGY4OC0zNDM2M2JjN2M0YzAiOnsiY3JlYXRlIjo1NDAwMDAwMDAwMDAwLCJkZWxldGUiOjU0MDAwMDAwMDAwMDAsInVwZGF0ZSI6NTQwMDAwMDAwMDAwMH19",
          "dependencies": [
            "module.deploy_mysql.aws_db_parameter_group.mysql_parameter_group_primary_region",
            "module.deploy_mysql.aws_rds_cluster.primary_cluster",
            "module.deploy_mysql.aws_rds_global_cluster.global_database"
          ]
        }
      ]
    },
    {
      "module": "module.deploy_mysql",
      "mode": "managed",
      "type": "aws_rds_global_cluster",
      "name": "global_database",
      "provider": "module.deploy_mysql.provider[\"registry.terraform.io/hashicorp/aws\"].writer",
      "instances": [
        {
          "schema_version": 0,
          "attributes": {
            "arn": "arn:aws:rds::851889773113:global-cluster:antipode-lambda",
            "database_name": "antipode",
            "deletion_protection": false,
            "engine": "aurora-mysql",
            "engine_version": "5.7.mysql_aurora.2.07.1",
            "engine_version_actual": "5.7.mysql_aurora.2.07.1",
            "force_destroy": null,
            "global_cluster_identifier": "antipode-lambda",
            "global_cluster_members": [],
            "global_cluster_resource_id": "cluster-31a0de5c1c015edc",
            "id": "antipode-lambda",
            "source_db_cluster_identifier": null,
            "storage_encrypted": false,
            "timeouts": null
          },
          "sensitive_attributes": [],
          "private": "eyJlMmJmYjczMC1lY2FhLTExZTYtOGY4OC0zNDM2M2JjN2M0YzAiOnsiY3JlYXRlIjoxODAwMDAwMDAwMDAwLCJkZWxldGUiOjE4MDAwMDAwMDAwMDAsInVwZGF0ZSI6NTQwMDAwMDAwMDAwMH19"
        }
      ]
    }
  ],
  "check_results": null
}
