{
  "version": 4,
  "terraform_version": "1.5.2",
  "serial": 125,
  "lineage": "e58bfcb7-4ee6-c76d-a774-a8d623622693",
  "outputs": {},
  "resources": [
    {
      "module": "module.create_vpc_endpoint_writer_sns[0]",
      "mode": "data",
      "type": "aws_region",
      "name": "current",
      "provider": "provider[\"registry.terraform.io/hashicorp/aws\"].writer",
      "instances": [
        {
          "schema_version": 0,
          "attributes": {
            "description": "Europe (Frankfurt)",
            "endpoint": "ec2.eu-central-1.amazonaws.com",
            "id": "eu-central-1",
            "name": "eu-central-1"
          },
          "sensitive_attributes": []
        }
      ]
    },
    {
      "module": "module.create_vpc_endpoint_writer_sns[0]",
      "mode": "managed",
      "type": "aws_vpc_endpoint",
      "name": "interface_sns_sqs",
      "provider": "provider[\"registry.terraform.io/hashicorp/aws\"].writer",
      "instances": [
        {
          "schema_version": 0,
          "attributes": {
            "arn": "arn:aws:ec2:eu-central-1:851889773113:vpc-endpoint/vpce-0672986ede87ca680",
            "auto_accept": null,
            "cidr_blocks": [],
            "dns_entry": [
              {
                "dns_name": "vpce-0672986ede87ca680-sfqze2wt.sns.eu-central-1.vpce.amazonaws.com",
                "hosted_zone_id": "Z273ZU8SZ5RJPC"
              },
              {
                "dns_name": "vpce-0672986ede87ca680-sfqze2wt-eu-central-1a.sns.eu-central-1.vpce.amazonaws.com",
                "hosted_zone_id": "Z273ZU8SZ5RJPC"
              },
              {
                "dns_name": "sns.eu-central-1.amazonaws.com",
                "hosted_zone_id": "Z09240291ND3TFT16KA1N"
              }
            ],
            "dns_options": [
              {
                "dns_record_ip_type": "ipv4"
              }
            ],
            "id": "vpce-0672986ede87ca680",
            "ip_address_type": "ipv4",
            "network_interface_ids": [
              "eni-09e3fad2e7e883d4b"
            ],
            "owner_id": "851889773113",
            "policy": "{\"Statement\":[{\"Action\":\"*\",\"Effect\":\"Allow\",\"Principal\":\"*\",\"Resource\":\"*\"}]}",
            "prefix_list_id": null,
            "private_dns_enabled": true,
            "requester_managed": false,
            "route_table_ids": [],
            "security_group_ids": [
              "sg-06e89d1eec9546ab5"
            ],
            "service_name": "com.amazonaws.eu-central-1.sns",
            "state": "available",
            "subnet_ids": [
              "subnet-0a722afed0c224760"
            ],
            "tags": {
              "Name": "sns"
            },
            "tags_all": {
              "Name": "sns"
            },
            "timeouts": null,
            "vpc_endpoint_type": "Interface",
            "vpc_id": "vpc-046ebde198e614a9f"
          },
          "sensitive_attributes": [],
          "private": "eyJlMmJmYjczMC1lY2FhLTExZTYtOGY4OC0zNDM2M2JjN2M0YzAiOnsiY3JlYXRlIjo2MDAwMDAwMDAwMDAsImRlbGV0ZSI6NjAwMDAwMDAwMDAwLCJ1cGRhdGUiOjYwMDAwMDAwMDAwMH19",
          "dependencies": [
            "module.create_vpc_endpoint_writer_sns.data.aws_region.current"
          ]
        }
      ]
    },
    {
      "module": "module.create_vpc_endpoint_writer_sqs[0]",
      "mode": "data",
      "type": "aws_region",
      "name": "current",
      "provider": "provider[\"registry.terraform.io/hashicorp/aws\"].reader",
      "instances": [
        {
          "schema_version": 0,
          "attributes": {
            "description": "US East (N. Virginia)",
            "endpoint": "ec2.us-east-1.amazonaws.com",
            "id": "us-east-1",
            "name": "us-east-1"
          },
          "sensitive_attributes": []
        }
      ]
    },
    {
      "module": "module.create_vpc_endpoint_writer_sqs[0]",
      "mode": "managed",
      "type": "aws_vpc_endpoint",
      "name": "interface_sns_sqs",
      "provider": "provider[\"registry.terraform.io/hashicorp/aws\"].reader",
      "instances": [
        {
          "schema_version": 0,
          "attributes": {
            "arn": "arn:aws:ec2:us-east-1:851889773113:vpc-endpoint/vpce-092632d3d56789150",
            "auto_accept": null,
            "cidr_blocks": [],
            "dns_entry": [
              {
                "dns_name": "vpce-092632d3d56789150-tq954ncf.sqs.us-east-1.vpce.amazonaws.com",
                "hosted_zone_id": "Z7HUB22UULQXV"
              },
              {
                "dns_name": "vpce-092632d3d56789150-tq954ncf-us-east-1a.sqs.us-east-1.vpce.amazonaws.com",
                "hosted_zone_id": "Z7HUB22UULQXV"
              },
              {
                "dns_name": "sqs.us-east-1.amazonaws.com",
                "hosted_zone_id": "Z03508033SDGFR2QUSGCT"
              }
            ],
            "dns_options": [
              {
                "dns_record_ip_type": "ipv4"
              }
            ],
            "id": "vpce-092632d3d56789150",
            "ip_address_type": "ipv4",
            "network_interface_ids": [
              "eni-0966851e1c6429fef"
            ],
            "owner_id": "851889773113",
            "policy": "{\"Statement\":[{\"Action\":\"*\",\"Effect\":\"Allow\",\"Principal\":\"*\",\"Resource\":\"*\"}]}",
            "prefix_list_id": null,
            "private_dns_enabled": true,
            "requester_managed": false,
            "route_table_ids": [],
            "security_group_ids": [
              "sg-0747aa4724f69efdd"
            ],
            "service_name": "com.amazonaws.us-east-1.sqs",
            "state": "available",
            "subnet_ids": [
              "subnet-0ec25eaeb81642e55"
            ],
            "tags": {
              "Name": "sqs"
            },
            "tags_all": {
              "Name": "sqs"
            },
            "timeouts": null,
            "vpc_endpoint_type": "Interface",
            "vpc_id": "vpc-0a5ac82ccd60ed313"
          },
          "sensitive_attributes": [],
          "private": "eyJlMmJmYjczMC1lY2FhLTExZTYtOGY4OC0zNDM2M2JjN2M0YzAiOnsiY3JlYXRlIjo2MDAwMDAwMDAwMDAsImRlbGV0ZSI6NjAwMDAwMDAwMDAwLCJ1cGRhdGUiOjYwMDAwMDAwMDAwMH19",
          "dependencies": [
            "module.create_vpc_endpoint_writer_sqs.data.aws_region.current"
          ]
        }
      ]
    },
    {
      "module": "module.deploy_cache",
      "mode": "managed",
      "type": "aws_elasticache_global_replication_group",
      "name": "global",
      "provider": "module.deploy_cache.provider[\"registry.terraform.io/hashicorp/aws\"].writer",
      "instances": [
        {
          "index_key": 0,
          "schema_version": 0,
          "attributes": {
            "arn": "arn:aws:elasticache::851889773113:globalreplicationgroup:iudkw-antipode-lambda",
            "at_rest_encryption_enabled": false,
            "auth_token_enabled": false,
            "automatic_failover_enabled": true,
            "cache_node_type": "cache.r5.large",
            "cluster_enabled": false,
            "engine": "redis",
            "engine_version": "7.0",
            "engine_version_actual": "7.0.7",
            "global_node_groups": [],
            "global_replication_group_description": " ",
            "global_replication_group_id": "iudkw-antipode-lambda",
            "global_replication_group_id_suffix": "antipode-lambda",
            "id": "iudkw-antipode-lambda",
            "num_node_groups": 0,
            "parameter_group_name": null,
            "primary_replication_group_id": "antipode-lambda-eu",
            "timeouts": null,
            "transit_encryption_enabled": false
          },
          "sensitive_attributes": [],
          "private": "eyJlMmJmYjczMC1lY2FhLTExZTYtOGY4OC0zNDM2M2JjN2M0YzAiOnsiY3JlYXRlIjozNjAwMDAwMDAwMDAwLCJkZWxldGUiOjEyMDAwMDAwMDAwMDAsInVwZGF0ZSI6MzYwMDAwMDAwMDAwMH19",
          "dependencies": [
            "module.deploy_cache.aws_elasticache_replication_group.primary",
            "module.deploy_cache.aws_elasticache_subnet_group.writer"
          ]
        }
      ]
    },
    {
      "module": "module.deploy_cache",
      "mode": "managed",
      "type": "aws_elasticache_replication_group",
      "name": "primary",
      "provider": "module.deploy_cache.provider[\"registry.terraform.io/hashicorp/aws\"].writer",
      "instances": [
        {
          "index_key": 0,
          "schema_version": 1,
          "attributes": {
            "apply_immediately": true,
            "arn": "arn:aws:elasticache:eu-central-1:851889773113:replicationgroup:antipode-lambda-eu",
            "at_rest_encryption_enabled": false,
            "auth_token": "",
            "auto_minor_version_upgrade": "true",
            "automatic_failover_enabled": true,
            "availability_zones": null,
            "cluster_enabled": false,
            "cluster_mode": [
              {
                "num_node_groups": 1,
                "replicas_per_node_group": 1
              }
            ],
            "configuration_endpoint_address": null,
            "data_tiering_enabled": false,
            "description": "Primary elasticache cluster in writer region",
            "engine": "redis",
            "engine_version": "7.0",
            "engine_version_actual": "7.0.7",
            "final_snapshot_identifier": null,
            "global_replication_group_id": null,
            "id": "antipode-lambda-eu",
            "kms_key_id": "",
            "log_delivery_configuration": [],
            "maintenance_window": "sun:00:30-sun:01:30",
            "member_clusters": [
              "antipode-lambda-eu-001",
              "antipode-lambda-eu-002"
            ],
            "multi_az_enabled": true,
            "node_type": "cache.r5.large",
            "notification_topic_arn": null,
            "num_cache_clusters": 2,
            "num_node_groups": 1,
            "number_cache_clusters": 2,
            "parameter_group_name": "default.redis7",
            "port": 6379,
            "preferred_cache_cluster_azs": null,
            "primary_endpoint_address": "antipode-lambda-eu.gwkjt4.ng.0001.euc1.cache.amazonaws.com",
            "reader_endpoint_address": "antipode-lambda-eu-ro.gwkjt4.ng.0001.euc1.cache.amazonaws.com",
            "replicas_per_node_group": 1,
            "replication_group_description": "Primary elasticache cluster in writer region",
            "replication_group_id": "antipode-lambda-eu",
            "security_group_ids": [],
            "security_group_names": [],
            "snapshot_arns": null,
            "snapshot_name": null,
            "snapshot_retention_limit": 0,
            "snapshot_window": "02:00-03:00",
            "subnet_group_name": "antipode-lambda-writer",
            "tags": null,
            "tags_all": {},
            "timeouts": null,
            "transit_encryption_enabled": false,
            "user_group_ids": null
          },
          "sensitive_attributes": [],
          "private": "eyJlMmJmYjczMC1lY2FhLTExZTYtOGY4OC0zNDM2M2JjN2M0YzAiOnsiY3JlYXRlIjozNjAwMDAwMDAwMDAwLCJkZWxldGUiOjI0MDAwMDAwMDAwMDAsInVwZGF0ZSI6MjQwMDAwMDAwMDAwMH0sInNjaGVtYV92ZXJzaW9uIjoiMSJ9",
          "dependencies": [
            "module.deploy_cache.aws_elasticache_subnet_group.writer"
          ]
        }
      ]
    },
    {
      "module": "module.deploy_cache",
      "mode": "managed",
      "type": "aws_elasticache_replication_group",
      "name": "secondary",
      "provider": "module.deploy_cache.provider[\"registry.terraform.io/hashicorp/aws\"].reader",
      "instances": [
        {
          "index_key": 0,
          "schema_version": 1,
          "attributes": {
            "apply_immediately": true,
            "arn": "arn:aws:elasticache:us-east-1:851889773113:replicationgroup:antipode-lambda-us",
            "at_rest_encryption_enabled": false,
            "auth_token": "",
            "auto_minor_version_upgrade": "false",
            "automatic_failover_enabled": true,
            "availability_zones": null,
            "cluster_enabled": false,
            "cluster_mode": [
              {
                "num_node_groups": 1,
                "replicas_per_node_group": 1
              }
            ],
            "configuration_endpoint_address": null,
            "data_tiering_enabled": false,
            "description": "Secondary elasticache cluster in reader region",
            "engine": "redis",
            "engine_version": "7.0",
            "engine_version_actual": "7.0.7",
            "final_snapshot_identifier": null,
            "global_replication_group_id": "iudkw-antipode-lambda",
            "id": "antipode-lambda-us",
            "kms_key_id": "",
            "log_delivery_configuration": [],
            "maintenance_window": "wed:06:00-wed:07:00",
            "member_clusters": [
              "antipode-lambda-us-001",
              "antipode-lambda-us-002"
            ],
            "multi_az_enabled": true,
            "node_type": "cache.r5.large",
            "notification_topic_arn": null,
            "num_cache_clusters": 2,
            "num_node_groups": 1,
            "number_cache_clusters": 2,
            "parameter_group_name": "global-datastore-antipode-lambda-usropa",
            "port": 6379,
            "preferred_cache_cluster_azs": null,
            "primary_endpoint_address": "antipode-lambda-us.7jax8t.ng.0001.use1.cache.amazonaws.com",
            "reader_endpoint_address": "antipode-lambda-us-ro.7jax8t.ng.0001.use1.cache.amazonaws.com",
            "replicas_per_node_group": 1,
            "replication_group_description": "Secondary elasticache cluster in reader region",
            "replication_group_id": "antipode-lambda-us",
            "security_group_ids": [],
            "security_group_names": [],
            "snapshot_arns": null,
            "snapshot_name": null,
            "snapshot_retention_limit": 0,
            "snapshot_window": "04:30-05:30",
            "subnet_group_name": "antipode-lambda-reader",
            "tags": null,
            "tags_all": {},
            "timeouts": null,
            "transit_encryption_enabled": false,
            "user_group_ids": null
          },
          "sensitive_attributes": [],
          "private": "eyJlMmJmYjczMC1lY2FhLTExZTYtOGY4OC0zNDM2M2JjN2M0YzAiOnsiY3JlYXRlIjozNjAwMDAwMDAwMDAwLCJkZWxldGUiOjI0MDAwMDAwMDAwMDAsInVwZGF0ZSI6MjQwMDAwMDAwMDAwMH0sInNjaGVtYV92ZXJzaW9uIjoiMSJ9",
          "dependencies": [
            "module.deploy_cache.aws_elasticache_global_replication_group.global",
            "module.deploy_cache.aws_elasticache_replication_group.primary",
            "module.deploy_cache.aws_elasticache_subnet_group.reader",
            "module.deploy_cache.aws_elasticache_subnet_group.writer"
          ]
        }
      ]
    },
    {
      "module": "module.deploy_cache",
      "mode": "managed",
      "type": "aws_elasticache_subnet_group",
      "name": "reader",
      "provider": "module.deploy_cache.provider[\"registry.terraform.io/hashicorp/aws\"].reader",
      "instances": [
        {
          "index_key": 0,
          "schema_version": 0,
          "attributes": {
            "arn": "arn:aws:elasticache:us-east-1:851889773113:subnetgroup:antipode-lambda-reader",
            "description": "Managed by Terraform",
            "id": "antipode-lambda-reader",
            "name": "antipode-lambda-reader",
            "subnet_ids": [
              "subnet-089b2efc49354bfee",
              "subnet-0ec25eaeb81642e55"
            ],
            "tags": null,
            "tags_all": {}
          },
          "sensitive_attributes": [],
          "private": "bnVsbA=="
        }
      ]
    },
    {
      "module": "module.deploy_cache",
      "mode": "managed",
      "type": "aws_elasticache_subnet_group",
      "name": "writer",
      "provider": "module.deploy_cache.provider[\"registry.terraform.io/hashicorp/aws\"].writer",
      "instances": [
        {
          "index_key": 0,
          "schema_version": 0,
          "attributes": {
            "arn": "arn:aws:elasticache:eu-central-1:851889773113:subnetgroup:antipode-lambda-writer",
            "description": "Managed by Terraform",
            "id": "antipode-lambda-writer",
            "name": "antipode-lambda-writer",
            "subnet_ids": [
              "subnet-0392ab5735b5a96bb",
              "subnet-0a722afed0c224760"
            ],
            "tags": null,
            "tags_all": {}
          },
          "sensitive_attributes": [],
          "private": "bnVsbA=="
        }
      ]
    }
  ],
  "check_results": null
}
