{
  "version": 4,
  "terraform_version": "1.4.5",
  "serial": 55,
  "lineage": "b0bce529-4f24-5877-0ea5-d56f03d410e5",
  "outputs": {},
  "resources": [
    {
      "module": "module.redis",
      "mode": "managed",
      "type": "aws_elasticache_global_replication_group",
      "name": "global",
      "provider": "module.redis.provider[\"registry.terraform.io/hashicorp/aws\"].writer",
      "instances": [
        {
          "index_key": 0,
          "schema_version": 0,
          "attributes": {
            "arn": "arn:aws:elasticache::851889773113:globalreplicationgroup:iudkw-antipode-lambda",
            "at_rest_encryption_enabled": false,
            "auth_token_enabled": false,
            "automatic_failover_enabled": true,
            "cache_node_type": "cache.r5.large",
            "cluster_enabled": false,
            "engine": "redis",
            "engine_version": "7.0",
            "engine_version_actual": "7.0.7",
            "global_node_groups": [],
            "global_replication_group_description": " ",
            "global_replication_group_id": "iudkw-antipode-lambda",
            "global_replication_group_id_suffix": "antipode-lambda",
            "id": "iudkw-antipode-lambda",
            "num_node_groups": 0,
            "parameter_group_name": null,
            "primary_replication_group_id": "antipode-lambda-primary",
            "timeouts": null,
            "transit_encryption_enabled": false
          },
          "sensitive_attributes": [],
          "private": "eyJlMmJmYjczMC1lY2FhLTExZTYtOGY4OC0zNDM2M2JjN2M0YzAiOnsiY3JlYXRlIjozNjAwMDAwMDAwMDAwLCJkZWxldGUiOjEyMDAwMDAwMDAwMDAsInVwZGF0ZSI6MzYwMDAwMDAwMDAwMH19",
          "dependencies": [
            "module.redis.aws_elasticache_replication_group.primary"
          ]
        }
      ]
    },
    {
      "module": "module.redis",
      "mode": "managed",
      "type": "aws_elasticache_replication_group",
      "name": "primary",
      "provider": "module.redis.provider[\"registry.terraform.io/hashicorp/aws\"].writer",
      "instances": [
        {
          "index_key": 0,
          "schema_version": 1,
          "attributes": {
            "apply_immediately": true,
            "arn": "arn:aws:elasticache:eu-central-1:851889773113:replicationgroup:antipode-lambda-primary",
            "at_rest_encryption_enabled": false,
            "auth_token": "",
            "auto_minor_version_upgrade": "false",
            "automatic_failover_enabled": true,
            "availability_zones": null,
            "cluster_enabled": false,
            "cluster_mode": [
              {
                "num_node_groups": 1,
                "replicas_per_node_group": 1
              }
            ],
            "configuration_endpoint_address": null,
            "data_tiering_enabled": false,
            "description": "Primary elasticache cluster in writer region",
            "engine": "redis",
            "engine_version": "7.0",
            "engine_version_actual": "7.0.7",
            "final_snapshot_identifier": null,
            "global_replication_group_id": "iudkw-antipode-lambda",
            "id": "antipode-lambda-primary",
            "kms_key_id": "",
            "log_delivery_configuration": [],
            "maintenance_window": "fri:02:00-fri:03:00",
            "member_clusters": [
              "antipode-lambda-primary-001",
              "antipode-lambda-primary-002"
            ],
            "multi_az_enabled": true,
            "node_type": "cache.r5.large",
            "notification_topic_arn": null,
            "num_cache_clusters": 2,
            "num_node_groups": 1,
            "number_cache_clusters": 2,
            "parameter_group_name": "global-datastore-antipode-lambda-primarywmax",
            "port": 6379,
            "preferred_cache_cluster_azs": null,
            "primary_endpoint_address": "antipode-lambda-primary.gwkjt4.ng.0001.euc1.cache.amazonaws.com",
            "reader_endpoint_address": "antipode-lambda-primary-ro.gwkjt4.ng.0001.euc1.cache.amazonaws.com",
            "replicas_per_node_group": 1,
            "replication_group_description": "Primary elasticache cluster in writer region",
            "replication_group_id": "antipode-lambda-primary",
            "security_group_ids": [],
            "security_group_names": [],
            "snapshot_arns": null,
            "snapshot_name": null,
            "snapshot_retention_limit": 0,
            "snapshot_window": "00:30-01:30",
            "subnet_group_name": "antipode-lambda-writer",
            "tags": {},
            "tags_all": {},
            "timeouts": null,
            "transit_encryption_enabled": false,
            "user_group_ids": []
          },
          "sensitive_attributes": [],
          "private": "eyJlMmJmYjczMC1lY2FhLTExZTYtOGY4OC0zNDM2M2JjN2M0YzAiOnsiY3JlYXRlIjozNjAwMDAwMDAwMDAwLCJkZWxldGUiOjI0MDAwMDAwMDAwMDAsInVwZGF0ZSI6MjQwMDAwMDAwMDAwMH0sInNjaGVtYV92ZXJzaW9uIjoiMSJ9",
          "dependencies": [
            "module.redis.aws_elasticache_subnet_group.writer"
          ]
        }
      ]
    },
    {
      "module": "module.redis",
      "mode": "managed",
      "type": "aws_elasticache_replication_group",
      "name": "secondary",
      "provider": "module.redis.provider[\"registry.terraform.io/hashicorp/aws\"].reader",
      "instances": []
    },
    {
      "module": "module.redis",
      "mode": "managed",
      "type": "aws_elasticache_subnet_group",
      "name": "reader",
      "provider": "module.redis.provider[\"registry.terraform.io/hashicorp/aws\"].reader",
      "instances": [
        {
          "index_key": 0,
          "schema_version": 0,
          "attributes": {
            "arn": "arn:aws:elasticache:us-east-1:851889773113:subnetgroup:antipode-lambda-reader",
            "description": "Managed by Terraform",
            "id": "antipode-lambda-reader",
            "name": "antipode-lambda-reader",
            "subnet_ids": [
              "subnet-089b2efc49354bfee",
              "subnet-0ec25eaeb81642e55"
            ],
            "tags": {},
            "tags_all": {}
          },
          "sensitive_attributes": [],
          "private": "bnVsbA=="
        }
      ]
    },
    {
      "module": "module.redis",
      "mode": "managed",
      "type": "aws_elasticache_subnet_group",
      "name": "writer",
      "provider": "module.redis.provider[\"registry.terraform.io/hashicorp/aws\"].writer",
      "instances": [
        {
          "index_key": 0,
          "schema_version": 0,
          "attributes": {
            "arn": "arn:aws:elasticache:eu-central-1:851889773113:subnetgroup:antipode-lambda-writer",
            "description": "Managed by Terraform",
            "id": "antipode-lambda-writer",
            "name": "antipode-lambda-writer",
            "subnet_ids": [
              "subnet-0392ab5735b5a96bb",
              "subnet-0a722afed0c224760"
            ],
            "tags": {},
            "tags_all": {}
          },
          "sensitive_attributes": [],
          "private": "bnVsbA=="
        }
      ]
    }
  ],
  "check_results": null
}
