{
  "version": 4,
  "terraform_version": "1.4.5",
  "serial": 162,
  "lineage": "8f611c0d-6ecb-0209-345b-8583d3ee74c6",
  "outputs": {},
  "resources": [
    {
      "mode": "managed",
      "type": "local_file",
      "name": "output_ec2_reader_config",
      "provider": "provider[\"registry.terraform.io/hashicorp/local\"]",
      "instances": [
        {
          "index_key": 0,
          "schema_version": 0,
          "attributes": {
            "content": "[{\"public_ip\":\"44.211.42.13\"}]",
            "content_base64": null,
            "content_base64sha256": "eQkjIGPVGX/vaVcqa/pm1dRYaENtgHWFUqFbNGGDxbQ=",
            "content_base64sha512": "4OU9X5fFS/AeK1zVXnqs8/qLRyH/jbUixvGO+KBgEB+L5Sy/sojR5YbK1VT5A+gRYNj6wLnQK1R81axKZOjJwg==",
            "content_md5": "36aac88856cd40327132f03f19754c87",
            "content_sha1": "231d25f80af9d79b9fb9ddfb0707f39159cfe6aa",
            "content_sha256": "7909232063d5197fef69572a6bfa66d5d45868436d80758552a15b346183c5b4",
            "content_sha512": "e0e53d5f97c54bf01e2b5cd55e7aacf3fa8b4721ff8db522c6f18ef8a060101f8be52cbfb288d1e586cad554f903e81160d8fac0b9d02b547cd5ac4a64e8c9c2",
            "directory_permission": "0777",
            "file_permission": "0777",
            "filename": "config/ec2_us-east-1.json",
            "id": "231d25f80af9d79b9fb9ddfb0707f39159cfe6aa",
            "sensitive_content": null,
            "source": null
          },
          "sensitive_attributes": [],
          "dependencies": [
            "module.deploy_ec2_reader.aws_instance.rendezvous",
            "module.deploy_ec2_reader.data.aws_region.current"
          ]
        }
      ]
    },
    {
      "mode": "managed",
      "type": "local_file",
      "name": "output_ec2_writer_config",
      "provider": "provider[\"registry.terraform.io/hashicorp/local\"]",
      "instances": [
        {
          "index_key": 0,
          "schema_version": 0,
          "attributes": {
            "content": "[{\"public_ip\":\"18.193.69.123\"}]",
            "content_base64": null,
            "content_base64sha256": "i0NBushGPRmav5SP4QUlbVSDqFZ1zwjis/wLXRJQTG8=",
            "content_base64sha512": "+oV4XXGojsYQ3HUNRz8w1CaWf2JrXyFWj6y2hdhh/7Dk39m96U/jWcBgyLNfbkTu+qxgz1cUTsg8gRKlH0pUQQ==",
            "content_md5": "bf99d48f3c531fa441cde6d286f62ff0",
            "content_sha1": "d5aaa6f59d13836638cde82196dfefe1d858e46b",
            "content_sha256": "8b4341bac8463d199abf948fe105256d5483a85675cf08e2b3fc0b5d12504c6f",
            "content_sha512": "fa85785d71a88ec610dc750d473f30d426967f626b5f21568facb685d861ffb0e4dfd9bde94fe359c060c8b35f6e44eefaac60cf57144ec83c8112a51f4a5441",
            "directory_permission": "0777",
            "file_permission": "0777",
            "filename": "config/ec2_eu-central-1.json",
            "id": "d5aaa6f59d13836638cde82196dfefe1d858e46b",
            "sensitive_content": null,
            "source": null
          },
          "sensitive_attributes": [],
          "dependencies": [
            "module.deploy_ec2_writer.aws_instance.rendezvous",
            "module.deploy_ec2_writer.data.aws_region.current"
          ]
        }
      ]
    },
    {
      "mode": "managed",
      "type": "local_file",
      "name": "output_mq_reader_config",
      "provider": "provider[\"registry.terraform.io/hashicorp/local\"]",
      "instances": [
        {
          "index_key": 0,
          "schema_version": 0,
          "attributes": {
            "content": "[]",
            "content_base64": null,
            "content_base64sha256": "T1PNoYwrqgwDVLtfmj7L5e0Sq02OEbqHPC8RFhICuUU=",
            "content_base64sha512": "slspTLTetp6gCkw88xE5BIAbYBXllWvQGahXCx/h1gQOlE7zze4W0KRlA8puZZol8hz5zt3BPzUqPJgTjBXWrw==",
            "content_md5": "d751713988987e9331980363e24189ce",
            "content_sha1": "97d170e1550eee4afc0af065b78cda302a97674c",
            "content_sha256": "4f53cda18c2baa0c0354bb5f9a3ecbe5ed12ab4d8e11ba873c2f11161202b945",
            "content_sha512": "b25b294cb4deb69ea00a4c3cf3113904801b6015e5956bd019a8570b1fe1d6040e944ef3cdee16d0a46503ca6e659a25f21cf9ceddc13f352a3c98138c15d6af",
            "directory_permission": "0777",
            "file_permission": "0777",
            "filename": "config/mq_us-east-1.json",
            "id": "97d170e1550eee4afc0af065b78cda302a97674c",
            "sensitive_content": null,
            "source": null
          },
          "sensitive_attributes": [],
          "dependencies": [
            "module.deploy_mq_reader.aws_mq_broker.broker",
            "module.deploy_mq_reader.data.aws_region.current"
          ]
        }
      ]
    },
    {
      "mode": "managed",
      "type": "local_file",
      "name": "output_mq_writer_config",
      "provider": "provider[\"registry.terraform.io/hashicorp/local\"]",
      "instances": [
        {
          "index_key": 0,
          "schema_version": 0,
          "attributes": {
            "content": "[]",
            "content_base64": null,
            "content_base64sha256": "T1PNoYwrqgwDVLtfmj7L5e0Sq02OEbqHPC8RFhICuUU=",
            "content_base64sha512": "slspTLTetp6gCkw88xE5BIAbYBXllWvQGahXCx/h1gQOlE7zze4W0KRlA8puZZol8hz5zt3BPzUqPJgTjBXWrw==",
            "content_md5": "d751713988987e9331980363e24189ce",
            "content_sha1": "97d170e1550eee4afc0af065b78cda302a97674c",
            "content_sha256": "4f53cda18c2baa0c0354bb5f9a3ecbe5ed12ab4d8e11ba873c2f11161202b945",
            "content_sha512": "b25b294cb4deb69ea00a4c3cf3113904801b6015e5956bd019a8570b1fe1d6040e944ef3cdee16d0a46503ca6e659a25f21cf9ceddc13f352a3c98138c15d6af",
            "directory_permission": "0777",
            "file_permission": "0777",
            "filename": "config/mq_eu-central-1.json",
            "id": "97d170e1550eee4afc0af065b78cda302a97674c",
            "sensitive_content": null,
            "source": null
          },
          "sensitive_attributes": [],
          "dependencies": [
            "module.deploy_mq_writer.aws_mq_broker.broker",
            "module.deploy_mq_writer.data.aws_region.current"
          ]
        }
      ]
    },
    {
      "module": "module.create_vpc_endpoint_reader",
      "mode": "data",
      "type": "aws_region",
      "name": "current",
      "provider": "provider[\"registry.terraform.io/hashicorp/aws\"].reader",
      "instances": [
        {
          "schema_version": 0,
          "attributes": {
            "description": "US East (N. Virginia)",
            "endpoint": "ec2.us-east-1.amazonaws.com",
            "id": "us-east-1",
            "name": "us-east-1"
          },
          "sensitive_attributes": []
        }
      ]
    },
    {
      "module": "module.create_vpc_endpoint_reader",
      "mode": "managed",
      "type": "aws_vpc_endpoint",
      "name": "interface_sns_or_sqs",
      "provider": "provider[\"registry.terraform.io/hashicorp/aws\"].reader",
      "instances": [
        {
          "index_key": 0,
          "schema_version": 0,
          "attributes": {
            "arn": "arn:aws:ec2:us-east-1:851889773113:vpc-endpoint/vpce-0be7cda7ba7b89323",
            "auto_accept": null,
            "cidr_blocks": [],
            "dns_entry": [
              {
                "dns_name": "vpce-0be7cda7ba7b89323-bo8amglv.sqs.us-east-1.vpce.amazonaws.com",
                "hosted_zone_id": "Z7HUB22UULQXV"
              },
              {
                "dns_name": "vpce-0be7cda7ba7b89323-bo8amglv-us-east-1a.sqs.us-east-1.vpce.amazonaws.com",
                "hosted_zone_id": "Z7HUB22UULQXV"
              }
            ],
            "dns_options": [
              {
                "dns_record_ip_type": "ipv4"
              }
            ],
            "id": "vpce-0be7cda7ba7b89323",
            "ip_address_type": "ipv4",
            "network_interface_ids": [
              "eni-0376642564a463661"
            ],
            "owner_id": "851889773113",
            "policy": "{\"Statement\":[{\"Action\":\"*\",\"Effect\":\"Allow\",\"Principal\":\"*\",\"Resource\":\"*\"}]}",
            "prefix_list_id": null,
            "private_dns_enabled": false,
            "requester_managed": false,
            "route_table_ids": [],
            "security_group_ids": [
              "sg-0747aa4724f69efdd"
            ],
            "service_name": "com.amazonaws.us-east-1.sqs",
            "state": "available",
            "subnet_ids": [
              "subnet-0ec25eaeb81642e55"
            ],
            "tags": {
              "Name": "sqs"
            },
            "tags_all": {
              "Name": "sqs"
            },
            "timeouts": null,
            "vpc_endpoint_type": "Interface",
            "vpc_id": "vpc-0a5ac82ccd60ed313"
          },
          "sensitive_attributes": [],
          "private": "eyJlMmJmYjczMC1lY2FhLTExZTYtOGY4OC0zNDM2M2JjN2M0YzAiOnsiY3JlYXRlIjo2MDAwMDAwMDAwMDAsImRlbGV0ZSI6NjAwMDAwMDAwMDAwLCJ1cGRhdGUiOjYwMDAwMDAwMDAwMH19",
          "dependencies": [
            "module.create_vpc_endpoint_reader.data.aws_region.current"
          ]
        }
      ]
    },
    {
      "module": "module.create_vpc_endpoint_writer[\"dynamo\"]",
      "mode": "data",
      "type": "aws_region",
      "name": "current",
      "provider": "provider[\"registry.terraform.io/hashicorp/aws\"].writer",
      "instances": [
        {
          "schema_version": 0,
          "attributes": {
            "description": "Europe (Frankfurt)",
            "endpoint": "ec2.eu-central-1.amazonaws.com",
            "id": "eu-central-1",
            "name": "eu-central-1"
          },
          "sensitive_attributes": []
        }
      ]
    },
    {
      "module": "module.create_vpc_endpoint_writer[\"dynamo\"]",
      "mode": "managed",
      "type": "aws_vpc_endpoint",
      "name": "gateway_dynamodb",
      "provider": "provider[\"registry.terraform.io/hashicorp/aws\"].writer",
      "instances": [
        {
          "index_key": 0,
          "schema_version": 0,
          "attributes": {
            "arn": "arn:aws:ec2:eu-central-1:851889773113:vpc-endpoint/vpce-0109127a331153b34",
            "auto_accept": null,
            "cidr_blocks": [
              "35.71.105.128/26",
              "52.94.17.0/24",
              "35.71.105.0/25"
            ],
            "dns_entry": [],
            "dns_options": [],
            "id": "vpce-0109127a331153b34",
            "ip_address_type": "",
            "network_interface_ids": [],
            "owner_id": "851889773113",
            "policy": "{\"Statement\":[{\"Action\":\"*\",\"Effect\":\"Allow\",\"Principal\":\"*\",\"Resource\":\"*\"}],\"Version\":\"2008-10-17\"}",
            "prefix_list_id": "pl-66a5400f",
            "private_dns_enabled": false,
            "requester_managed": false,
            "route_table_ids": [
              "rtb-04839768d7f68d9d4"
            ],
            "security_group_ids": [],
            "service_name": "com.amazonaws.eu-central-1.dynamodb",
            "state": "available",
            "subnet_ids": [],
            "tags": {
              "Name": "dynamo"
            },
            "tags_all": {
              "Name": "dynamo"
            },
            "timeouts": null,
            "vpc_endpoint_type": "Gateway",
            "vpc_id": "vpc-046ebde198e614a9f"
          },
          "sensitive_attributes": [],
          "private": "eyJlMmJmYjczMC1lY2FhLTExZTYtOGY4OC0zNDM2M2JjN2M0YzAiOnsiY3JlYXRlIjo2MDAwMDAwMDAwMDAsImRlbGV0ZSI6NjAwMDAwMDAwMDAwLCJ1cGRhdGUiOjYwMDAwMDAwMDAwMH19",
          "dependencies": [
            "module.create_vpc_endpoint_writer.data.aws_region.current"
          ]
        }
      ]
    },
    {
      "module": "module.create_vpc_endpoint_writer[\"sns\"]",
      "mode": "data",
      "type": "aws_region",
      "name": "current",
      "provider": "provider[\"registry.terraform.io/hashicorp/aws\"].writer",
      "instances": [
        {
          "schema_version": 0,
          "attributes": {
            "description": "Europe (Frankfurt)",
            "endpoint": "ec2.eu-central-1.amazonaws.com",
            "id": "eu-central-1",
            "name": "eu-central-1"
          },
          "sensitive_attributes": []
        }
      ]
    },
    {
      "module": "module.create_vpc_endpoint_writer[\"sns\"]",
      "mode": "managed",
      "type": "aws_vpc_endpoint",
      "name": "interface_sns_or_sqs",
      "provider": "provider[\"registry.terraform.io/hashicorp/aws\"].writer",
      "instances": [
        {
          "index_key": 0,
          "schema_version": 0,
          "attributes": {
            "arn": "arn:aws:ec2:eu-central-1:851889773113:vpc-endpoint/vpce-0cfdd6083af837411",
            "auto_accept": null,
            "cidr_blocks": [],
            "dns_entry": [
              {
                "dns_name": "vpce-0cfdd6083af837411-nw5lox6d.sns.eu-central-1.vpce.amazonaws.com",
                "hosted_zone_id": "Z273ZU8SZ5RJPC"
              },
              {
                "dns_name": "vpce-0cfdd6083af837411-nw5lox6d-eu-central-1a.sns.eu-central-1.vpce.amazonaws.com",
                "hosted_zone_id": "Z273ZU8SZ5RJPC"
              }
            ],
            "dns_options": [
              {
                "dns_record_ip_type": "ipv4"
              }
            ],
            "id": "vpce-0cfdd6083af837411",
            "ip_address_type": "ipv4",
            "network_interface_ids": [
              "eni-0aa8dae96ac7de471"
            ],
            "owner_id": "851889773113",
            "policy": "{\"Statement\":[{\"Action\":\"*\",\"Effect\":\"Allow\",\"Principal\":\"*\",\"Resource\":\"*\"}]}",
            "prefix_list_id": null,
            "private_dns_enabled": false,
            "requester_managed": false,
            "route_table_ids": [],
            "security_group_ids": [
              "sg-06e89d1eec9546ab5"
            ],
            "service_name": "com.amazonaws.eu-central-1.sns",
            "state": "available",
            "subnet_ids": [
              "subnet-0a722afed0c224760"
            ],
            "tags": {
              "Name": "sns"
            },
            "tags_all": {
              "Name": "sns"
            },
            "timeouts": null,
            "vpc_endpoint_type": "Interface",
            "vpc_id": "vpc-046ebde198e614a9f"
          },
          "sensitive_attributes": [],
          "private": "eyJlMmJmYjczMC1lY2FhLTExZTYtOGY4OC0zNDM2M2JjN2M0YzAiOnsiY3JlYXRlIjo2MDAwMDAwMDAwMDAsImRlbGV0ZSI6NjAwMDAwMDAwMDAwLCJ1cGRhdGUiOjYwMDAwMDAwMDAwMH19",
          "dependencies": [
            "module.create_vpc_endpoint_writer.data.aws_region.current"
          ]
        }
      ]
    },
    {
      "module": "module.deploy_ec2_reader[0]",
      "mode": "data",
      "type": "aws_region",
      "name": "current",
      "provider": "provider[\"registry.terraform.io/hashicorp/aws\"].reader",
      "instances": [
        {
          "schema_version": 0,
          "attributes": {
            "description": "US East (N. Virginia)",
            "endpoint": "ec2.us-east-1.amazonaws.com",
            "id": "us-east-1",
            "name": "us-east-1"
          },
          "sensitive_attributes": []
        }
      ]
    },
    {
      "module": "module.deploy_ec2_reader[0]",
      "mode": "managed",
      "type": "aws_instance",
      "name": "rendezvous",
      "provider": "provider[\"registry.terraform.io/hashicorp/aws\"].reader",
      "instances": [
        {
          "schema_version": 1,
          "attributes": {
            "ami": "ami-037df0c837ccf1074",
            "arn": "arn:aws:ec2:us-east-1:851889773113:instance/i-0fb6b8d43737cf4a4",
            "associate_public_ip_address": true,
            "availability_zone": "us-east-1a",
            "capacity_reservation_specification": [
              {
                "capacity_reservation_preference": "open",
                "capacity_reservation_target": []
              }
            ],
            "cpu_core_count": 1,
            "cpu_threads_per_core": 1,
            "credit_specification": [
              {
                "cpu_credits": "standard"
              }
            ],
            "disable_api_stop": false,
            "disable_api_termination": false,
            "ebs_block_device": [],
            "ebs_optimized": false,
            "enclave_options": [
              {
                "enabled": false
              }
            ],
            "ephemeral_block_device": [],
            "get_password_data": false,
            "hibernation": false,
            "host_id": "",
            "host_resource_group_arn": null,
            "iam_instance_profile": "",
            "id": "i-0fb6b8d43737cf4a4",
            "instance_initiated_shutdown_behavior": "stop",
            "instance_state": "running",
            "instance_type": "t2.micro",
            "ipv6_address_count": 0,
            "ipv6_addresses": [],
            "key_name": "rendezvous-us",
            "launch_template": [],
            "maintenance_options": [
              {
                "auto_recovery": "default"
              }
            ],
            "metadata_options": [
              {
                "http_endpoint": "enabled",
                "http_put_response_hop_limit": 1,
                "http_tokens": "optional",
                "instance_metadata_tags": "disabled"
              }
            ],
            "monitoring": false,
            "network_interface": [],
            "outpost_arn": "",
            "password_data": "",
            "placement_group": "",
            "placement_partition_number": 0,
            "primary_network_interface_id": "eni-0c26c7c7e1fa29d2a",
            "private_dns": "ip-51-0-9-144.ec2.internal",
            "private_dns_name_options": [
              {
                "enable_resource_name_dns_a_record": false,
                "enable_resource_name_dns_aaaa_record": false,
                "hostname_type": "ip-name"
              }
            ],
            "private_ip": "51.0.9.144",
            "public_dns": "ec2-44-211-42-13.compute-1.amazonaws.com",
            "public_ip": "44.211.42.13",
            "root_block_device": [
              {
                "delete_on_termination": true,
                "device_name": "/dev/sda1",
                "encrypted": false,
                "iops": 100,
                "kms_key_id": "",
                "tags": {},
                "throughput": 0,
                "volume_id": "vol-0e60588e03ec67123",
                "volume_size": 8,
                "volume_type": "gp2"
              }
            ],
            "secondary_private_ips": [],
            "security_groups": [],
            "source_dest_check": true,
            "subnet_id": "subnet-0ec25eaeb81642e55",
            "tags": {
              "Name": "rendezvous"
            },
            "tags_all": {
              "Name": "rendezvous"
            },
            "tenancy": "default",
            "timeouts": null,
            "user_data": null,
            "user_data_base64": null,
            "user_data_replace_on_change": false,
            "volume_tags": null,
            "vpc_security_group_ids": [
              "sg-00df9c3bcb92c8bfd"
            ]
          },
          "sensitive_attributes": [],
          "private": "eyJlMmJmYjczMC1lY2FhLTExZTYtOGY4OC0zNDM2M2JjN2M0YzAiOnsiY3JlYXRlIjo2MDAwMDAwMDAwMDAsImRlbGV0ZSI6MTIwMDAwMDAwMDAwMCwidXBkYXRlIjo2MDAwMDAwMDAwMDB9LCJzY2hlbWFfdmVyc2lvbiI6IjEifQ==",
          "dependencies": [
            "module.deploy_ec2_reader.data.aws_region.current"
          ]
        }
      ]
    },
    {
      "module": "module.deploy_ec2_writer[0]",
      "mode": "data",
      "type": "aws_region",
      "name": "current",
      "provider": "provider[\"registry.terraform.io/hashicorp/aws\"].writer",
      "instances": [
        {
          "schema_version": 0,
          "attributes": {
            "description": "Europe (Frankfurt)",
            "endpoint": "ec2.eu-central-1.amazonaws.com",
            "id": "eu-central-1",
            "name": "eu-central-1"
          },
          "sensitive_attributes": []
        }
      ]
    },
    {
      "module": "module.deploy_ec2_writer[0]",
      "mode": "managed",
      "type": "aws_instance",
      "name": "rendezvous",
      "provider": "provider[\"registry.terraform.io/hashicorp/aws\"].writer",
      "instances": [
        {
          "schema_version": 1,
          "attributes": {
            "ami": "ami-061322694d8421aad",
            "arn": "arn:aws:ec2:eu-central-1:851889773113:instance/i-081e42c738db98609",
            "associate_public_ip_address": true,
            "availability_zone": "eu-central-1a",
            "capacity_reservation_specification": [
              {
                "capacity_reservation_preference": "open",
                "capacity_reservation_target": []
              }
            ],
            "cpu_core_count": 1,
            "cpu_threads_per_core": 1,
            "credit_specification": [
              {
                "cpu_credits": "standard"
              }
            ],
            "disable_api_stop": false,
            "disable_api_termination": false,
            "ebs_block_device": [],
            "ebs_optimized": false,
            "enclave_options": [
              {
                "enabled": false
              }
            ],
            "ephemeral_block_device": [],
            "get_password_data": false,
            "hibernation": false,
            "host_id": "",
            "host_resource_group_arn": null,
            "iam_instance_profile": "",
            "id": "i-081e42c738db98609",
            "instance_initiated_shutdown_behavior": "stop",
            "instance_state": "running",
            "instance_type": "t2.micro",
            "ipv6_address_count": 0,
            "ipv6_addresses": [],
            "key_name": "rendezvous-eu",
            "launch_template": [],
            "maintenance_options": [
              {
                "auto_recovery": "default"
              }
            ],
            "metadata_options": [
              {
                "http_endpoint": "enabled",
                "http_put_response_hop_limit": 1,
                "http_tokens": "optional",
                "instance_metadata_tags": "disabled"
              }
            ],
            "monitoring": false,
            "network_interface": [],
            "outpost_arn": "",
            "password_data": "",
            "placement_group": "",
            "placement_partition_number": 0,
            "primary_network_interface_id": "eni-06648bc804212a656",
            "private_dns": "ip-50-0-8-77.eu-central-1.compute.internal",
            "private_dns_name_options": [
              {
                "enable_resource_name_dns_a_record": false,
                "enable_resource_name_dns_aaaa_record": false,
                "hostname_type": "ip-name"
              }
            ],
            "private_ip": "50.0.8.77",
            "public_dns": "ec2-18-193-69-123.eu-central-1.compute.amazonaws.com",
            "public_ip": "18.193.69.123",
            "root_block_device": [
              {
                "delete_on_termination": true,
                "device_name": "/dev/sda1",
                "encrypted": false,
                "iops": 100,
                "kms_key_id": "",
                "tags": {},
                "throughput": 0,
                "volume_id": "vol-08aca749e86c1cf5a",
                "volume_size": 8,
                "volume_type": "gp2"
              }
            ],
            "secondary_private_ips": [],
            "security_groups": [],
            "source_dest_check": true,
            "subnet_id": "subnet-0a722afed0c224760",
            "tags": {
              "Name": "rendezvous"
            },
            "tags_all": {
              "Name": "rendezvous"
            },
            "tenancy": "default",
            "timeouts": null,
            "user_data": null,
            "user_data_base64": null,
            "user_data_replace_on_change": false,
            "volume_tags": null,
            "vpc_security_group_ids": [
              "sg-06e89d1eec9546ab5"
            ]
          },
          "sensitive_attributes": [],
          "private": "eyJlMmJmYjczMC1lY2FhLTExZTYtOGY4OC0zNDM2M2JjN2M0YzAiOnsiY3JlYXRlIjo2MDAwMDAwMDAwMDAsImRlbGV0ZSI6MTIwMDAwMDAwMDAwMCwidXBkYXRlIjo2MDAwMDAwMDAwMDB9LCJzY2hlbWFfdmVyc2lvbiI6IjEifQ==",
          "dependencies": [
            "module.deploy_ec2_writer.data.aws_region.current"
          ]
        }
      ]
    },
    {
      "module": "module.deploy_mysql",
      "mode": "data",
      "type": "aws_region",
      "name": "current",
      "provider": "provider[\"registry.terraform.io/hashicorp/aws\"]",
      "instances": [
        {
          "schema_version": 0,
          "attributes": {
            "description": "Europe (Frankfurt)",
            "endpoint": "ec2.eu-central-1.amazonaws.com",
            "id": "eu-central-1",
            "name": "eu-central-1"
          },
          "sensitive_attributes": []
        }
      ]
    },
    {
      "module": "module.deploy_redis",
      "mode": "data",
      "type": "aws_region",
      "name": "current",
      "provider": "provider[\"registry.terraform.io/hashicorp/aws\"]",
      "instances": [
        {
          "schema_version": 0,
          "attributes": {
            "description": "Europe (Frankfurt)",
            "endpoint": "ec2.eu-central-1.amazonaws.com",
            "id": "eu-central-1",
            "name": "eu-central-1"
          },
          "sensitive_attributes": []
        }
      ]
    }
  ],
  "check_results": null
}
